
Microsoft Visual Studio Solution File, Format Version 12.00
# Visual Studio Version 17
VisualStudioVersion = 17.3.32819.101
MinimumVisualStudioVersion = 10.0.40219.1
Project("{FAE04EC0-301F-11D3-BF4B-00C04F79EFBC}") = "SimpleRegression", "SimpleRegression\SimpleRegression.csproj", "{35440061-E762-4266-B34B-027678920BAD}"
EndProject
Global
	GlobalSection(SolutionConfigurationPlatforms) = preSolution
		Debug|Any CPU = Debug|Any CPU
		Release|Any CPU = Release|Any CPU
	EndGlobalSection
	GlobalSection(ProjectConfigurationPlatforms) = postSolution
		{35440061-E762-4266-B34B-027678920BAD}.Debug|Any CPU.ActiveCfg = Debug|Any CPU
		{35440061-E762-4266-B34B-027678920BAD}.Debug|Any CPU.Build.0 = Debug|Any CPU
		{35440061-E762-4266-B34B-027678920BAD}.Release|Any CPU.ActiveCfg = Release|Any CPU
		{35440061-E762-4266-B34B-027678920BAD}.Release|Any CPU.Build.0 = Release|Any CPU
	EndGlobalSection
	GlobalSection(SolutionProperties) = preSolution
		HideSolutionNode = FALSE
	EndGlobalSection
	GlobalSection(ExtensibilityGlobals) = postSolution
		SolutionGuid = {7971E94F-933B-4CC3-B65B-6B0A5321D613}
	EndGlobalSection
EndGlobal
